
Microsoft Visual Studio Solution File, Format Version 12.00
# Visual Studio 15
VisualStudioVersion = 15.0.28010.2019
MinimumVisualStudioVersion = 10.0.40219.1
Project("{9A19103F-16F7-4668-BE54-9A1E7A4F7556}") = "CaesarCipherBlazor.UnitTests", "CaesarCipherBlazor.UnitTests\CaesarCipherBlazor.UnitTests.csproj", "{25D52EFF-2385-4DD7-9160-5B99E7AAC3ED}"
EndProject
Project("{9A19103F-16F7-4668-BE54-9A1E7A4F7556}") = "CaesarCipherBlazor", "CaesarCipherBlazor\CaesarCipherBlazor.csproj", "{8EAA7B93-0282-4CA4-AE3F-A11D3C56629A}"
EndProject
Global
	GlobalSection(SolutionConfigurationPlatforms) = preSolution
		Debug|Any CPU = Debug|Any CPU
		Release|Any CPU = Release|Any CPU
	EndGlobalSection
	GlobalSection(ProjectConfigurationPlatforms) = postSolution
		{25D52EFF-2385-4DD7-9160-5B99E7AAC3ED}.Debug|Any CPU.ActiveCfg = Debug|Any CPU
		{25D52EFF-2385-4DD7-9160-5B99E7AAC3ED}.Debug|Any CPU.Build.0 = Debug|Any CPU
		{25D52EFF-2385-4DD7-9160-5B99E7AAC3ED}.Release|Any CPU.ActiveCfg = Release|Any CPU
		{25D52EFF-2385-4DD7-9160-5B99E7AAC3ED}.Release|Any CPU.Build.0 = Release|Any CPU
		{8EAA7B93-0282-4CA4-AE3F-A11D3C56629A}.Debug|Any CPU.ActiveCfg = Debug|Any CPU
		{8EAA7B93-0282-4CA4-AE3F-A11D3C56629A}.Debug|Any CPU.Build.0 = Debug|Any CPU
		{8EAA7B93-0282-4CA4-AE3F-A11D3C56629A}.Release|Any CPU.ActiveCfg = Release|Any CPU
		{8EAA7B93-0282-4CA4-AE3F-A11D3C56629A}.Release|Any CPU.Build.0 = Release|Any CPU
	EndGlobalSection
	GlobalSection(SolutionProperties) = preSolution
		HideSolutionNode = FALSE
	EndGlobalSection
	GlobalSection(ExtensibilityGlobals) = postSolution
		SolutionGuid = {C5485476-FBE3-4DCA-BE65-040769FBFC6A}
	EndGlobalSection
EndGlobal
